
Microsoft Visual Studio Solution File, Format Version 12.00
# Visual Studio 15
VisualStudioVersion = 15.0.26430.6
MinimumVisualStudioVersion = 10.0.40219.1
Project("{FAE04EC0-301F-11D3-BF4B-00C04F79EFBC}") = "DemoForms", "DemoForms\DemoForms\DemoForms.csproj", "{11A79E6A-26D2-47DE-AFBA-9C6C830FE042}"
EndProject
Project("{FAE04EC0-301F-11D3-BF4B-00C04F79EFBC}") = "DemoForms.Android", "DemoForms\DemoForms.Android\DemoForms.Android.csproj", "{0D140711-6F17-4495-9BC9-05BB9CE2CCF7}"
EndProject
Project("{FAE04EC0-301F-11D3-BF4B-00C04F79EFBC}") = "DemoForms.iOS", "DemoForms\DemoForms.iOS\DemoForms.iOS.csproj", "{C44E3B96-51CF-4862-8CA0-B618C4A5ADA7}"
EndProject
Global
	GlobalSection(SolutionConfigurationPlatforms) = preSolution
		Debug|Any CPU = Debug|Any CPU
		Debug|iPhone = Debug|iPhone
		Debug|iPhoneSimulator = Debug|iPhoneSimulator
		Release|Any CPU = Release|Any CPU
		Release|iPhone = Release|iPhone
		Release|iPhoneSimulator = Release|iPhoneSimulator
	EndGlobalSection
	GlobalSection(ProjectConfigurationPlatforms) = postSolution
		{11A79E6A-26D2-47DE-AFBA-9C6C830FE042}.Debug|Any CPU.ActiveCfg = Debug|Any CPU
		{11A79E6A-26D2-47DE-AFBA-9C6C830FE042}.Debug|Any CPU.Build.0 = Debug|Any CPU
		{11A79E6A-26D2-47DE-AFBA-9C6C830FE042}.Debug|iPhone.ActiveCfg = Debug|Any CPU
		{11A79E6A-26D2-47DE-AFBA-9C6C830FE042}.Debug|iPhone.Build.0 = Debug|Any CPU
		{11A79E6A-26D2-47DE-AFBA-9C6C830FE042}.Debug|iPhoneSimulator.ActiveCfg = Debug|Any CPU
		{11A79E6A-26D2-47DE-AFBA-9C6C830FE042}.Debug|iPhoneSimulator.Build.0 = Debug|Any CPU
		{11A79E6A-26D2-47DE-AFBA-9C6C830FE042}.Release|Any CPU.ActiveCfg = Release|Any CPU
		{11A79E6A-26D2-47DE-AFBA-9C6C830FE042}.Release|Any CPU.Build.0 = Release|Any CPU
		{11A79E6A-26D2-47DE-AFBA-9C6C830FE042}.Release|iPhone.ActiveCfg = Release|Any CPU
		{11A79E6A-26D2-47DE-AFBA-9C6C830FE042}.Release|iPhone.Build.0 = Release|Any CPU
		{11A79E6A-26D2-47DE-AFBA-9C6C830FE042}.Release|iPhoneSimulator.ActiveCfg = Release|Any CPU
		{11A79E6A-26D2-47DE-AFBA-9C6C830FE042}.Release|iPhoneSimulator.Build.0 = Release|Any CPU
		{0D140711-6F17-4495-9BC9-05BB9CE2CCF7}.Debug|Any CPU.ActiveCfg = Debug|Any CPU
		{0D140711-6F17-4495-9BC9-05BB9CE2CCF7}.Debug|Any CPU.Build.0 = Debug|Any CPU
		{0D140711-6F17-4495-9BC9-05BB9CE2CCF7}.Debug|Any CPU.Deploy.0 = Debug|Any CPU
		{0D140711-6F17-4495-9BC9-05BB9CE2CCF7}.Debug|iPhone.ActiveCfg = Debug|Any CPU
		{0D140711-6F17-4495-9BC9-05BB9CE2CCF7}.Debug|iPhone.Build.0 = Debug|Any CPU
		{0D140711-6F17-4495-9BC9-05BB9CE2CCF7}.Debug|iPhone.Deploy.0 = Debug|Any CPU
		{0D140711-6F17-4495-9BC9-05BB9CE2CCF7}.Debug|iPhoneSimulator.ActiveCfg = Debug|Any CPU
		{0D140711-6F17-4495-9BC9-05BB9CE2CCF7}.Debug|iPhoneSimulator.Build.0 = Debug|Any CPU
		{0D140711-6F17-4495-9BC9-05BB9CE2CCF7}.Debug|iPhoneSimulator.Deploy.0 = Debug|Any CPU
		{0D140711-6F17-4495-9BC9-05BB9CE2CCF7}.Release|Any CPU.ActiveCfg = Release|Any CPU
		{0D140711-6F17-4495-9BC9-05BB9CE2CCF7}.Release|Any CPU.Build.0 = Release|Any CPU
		{0D140711-6F17-4495-9BC9-05BB9CE2CCF7}.Release|Any CPU.Deploy.0 = Release|Any CPU
		{0D140711-6F17-4495-9BC9-05BB9CE2CCF7}.Release|iPhone.ActiveCfg = Release|Any CPU
		{0D140711-6F17-4495-9BC9-05BB9CE2CCF7}.Release|iPhone.Build.0 = Release|Any CPU
		{0D140711-6F17-4495-9BC9-05BB9CE2CCF7}.Release|iPhone.Deploy.0 = Release|Any CPU
		{0D140711-6F17-4495-9BC9-05BB9CE2CCF7}.Release|iPhoneSimulator.ActiveCfg = Release|Any CPU
		{0D140711-6F17-4495-9BC9-05BB9CE2CCF7}.Release|iPhoneSimulator.Build.0 = Release|Any CPU
		{0D140711-6F17-4495-9BC9-05BB9CE2CCF7}.Release|iPhoneSimulator.Deploy.0 = Release|Any CPU
		{C44E3B96-51CF-4862-8CA0-B618C4A5ADA7}.Debug|Any CPU.ActiveCfg = Debug|iPhone
		{C44E3B96-51CF-4862-8CA0-B618C4A5ADA7}.Debug|iPhone.ActiveCfg = Debug|iPhone
		{C44E3B96-51CF-4862-8CA0-B618C4A5ADA7}.Debug|iPhone.Build.0 = Debug|iPhone
		{C44E3B96-51CF-4862-8CA0-B618C4A5ADA7}.Debug|iPhoneSimulator.ActiveCfg = Debug|iPhoneSimulator
		{C44E3B96-51CF-4862-8CA0-B618C4A5ADA7}.Debug|iPhoneSimulator.Build.0 = Debug|iPhoneSimulator
		{C44E3B96-51CF-4862-8CA0-B618C4A5ADA7}.Release|Any CPU.ActiveCfg = Release|iPhone
		{C44E3B96-51CF-4862-8CA0-B618C4A5ADA7}.Release|iPhone.ActiveCfg = Release|iPhone
		{C44E3B96-51CF-4862-8CA0-B618C4A5ADA7}.Release|iPhone.Build.0 = Release|iPhone
		{C44E3B96-51CF-4862-8CA0-B618C4A5ADA7}.Release|iPhoneSimulator.ActiveCfg = Release|iPhoneSimulator
		{C44E3B96-51CF-4862-8CA0-B618C4A5ADA7}.Release|iPhoneSimulator.Build.0 = Release|iPhoneSimulator
	EndGlobalSection
	GlobalSection(SolutionProperties) = preSolution
		HideSolutionNode = FALSE
	EndGlobalSection
EndGlobal
